{
  "requires": true,
  "lockfileVersion": 1,
  "dependencies": {
    "amqp": {
      "version": "0.1.8",
      "resolved": "https://registry.npmjs.org/amqp/-/amqp-0.1.8.tgz",
      "integrity": "sha1-j+H2iiHSVYA24SbVIpwi2m4gw4Q=",
      "requires": {
        "lodash": "1.3.1",
        "longjohn": "0.2.12"
      }
    },
    "buffer-from": {
      "version": "1.0.0",
      "resolved": "https://registry.npmjs.org/buffer-from/-/buffer-from-1.0.0.tgz",
      "integrity": "sha512-83apNb8KK0Se60UE1+4Ukbe3HbfELJ6UlI4ldtOGs7So4KD26orJM8hIY9lxdzP+UpItH1Yh/Y8GUvNFWFFRxA=="
    },
    "faye-websocket": {
      "version": "0.7.3",
      "resolved": "https://registry.npmjs.org/faye-websocket/-/faye-websocket-0.7.3.tgz",
      "integrity": "sha1-zEB0x/Sk39A69U3WXDVLE1EyzhE=",
      "requires": {
        "websocket-driver": "0.7.0"
      }
    },
    "http-parser-js": {
      "version": "0.4.12",
      "resolved": "https://registry.npmjs.org/http-parser-js/-/http-parser-js-0.4.12.tgz",
      "integrity": "sha1-uc+/Sizybw/DSxDKFImid3HjR08="
    },
    "jxm": {
      "version": "0.4.0",
      "resolved": "https://registry.npmjs.org/jxm/-/jxm-0.4.0.tgz",
      "integrity": "sha1-9LpdFRFjA24vz1euknpgxLOqn/s=",
      "requires": {
        "amqp": "0.1.8",
        "faye-websocket": "0.7.3",
        "mediaserver": "0.0.9"
      }
    },
    "lodash": {
      "version": "1.3.1",
      "resolved": "https://registry.npmjs.org/lodash/-/lodash-1.3.1.tgz",
      "integrity": "sha1-pGY7U2hriV/wdOK6UE37dqjit3A="
    },
    "longjohn": {
      "version": "0.2.12",
      "resolved": "https://registry.npmjs.org/longjohn/-/longjohn-0.2.12.tgz",
      "integrity": "sha1-fKdEawg2VcN351EiE9x1TVKmSn4=",
      "requires": {
        "source-map-support": "0.5.5"
      }
    },
    "mediaserver": {
      "version": "0.0.9",
      "resolved": "https://registry.npmjs.org/mediaserver/-/mediaserver-0.0.9.tgz",
      "integrity": "sha1-lmJpPTWKYa4FFtuIwLmT/6E+9SM="
    },
    "source-map": {
      "version": "0.6.1",
      "resolved": "https://registry.npmjs.org/source-map/-/source-map-0.6.1.tgz",
      "integrity": "sha512-UjgapumWlbMhkBgzT7Ykc5YXUT46F0iKu8SGXq0bcwP5dz/h0Plj6enJqjz1Zbq2l5WaqYnrVbwWOWMyF3F47g=="
    },
    "source-map-support": {
      "version": "0.5.5",
      "resolved": "https://registry.npmjs.org/source-map-support/-/source-map-support-0.5.5.tgz",
      "integrity": "sha512-mR7/Nd5l1z6g99010shcXJiNEaf3fEtmLhRB/sBcQVJGodcHCULPp2y4Sfa43Kv2zq7T+Izmfp/WHCR6dYkQCA==",
      "requires": {
        "buffer-from": "1.0.0",
        "source-map": "0.6.1"
      }
    },
    "websocket-driver": {
      "version": "0.7.0",
      "resolved": "https://registry.npmjs.org/websocket-driver/-/websocket-driver-0.7.0.tgz",
      "integrity": "sha1-DK+dLXVdk67gSdS90NP+LMoqJOs=",
      "requires": {
        "http-parser-js": "0.4.12",
        "websocket-extensions": "0.1.3"
      }
    },
    "websocket-extensions": {
      "version": "0.1.3",
      "resolved": "https://registry.npmjs.org/websocket-extensions/-/websocket-extensions-0.1.3.tgz",
      "integrity": "sha512-nqHUnMXmBzT0w570r2JpJxfiSD1IzoI+HGVdd3aZ0yNi3ngvQ4jv1dtHt5VGxfI2yj5yqImPhOK4vmIh2xMbGg=="
    }
  }
}
